
Microsoft Visual Studio Solution File, Format Version 12.00
# Visual Studio 15
VisualStudioVersion = 15.0.28010.2036
MinimumVisualStudioVersion = 10.0.40219.1
Project("{FAE04EC0-301F-11D3-BF4B-00C04F79EFBC}") = "Ch20-P4-FileStreamApp", "Ch20-P4-FileStreamApp\Ch20-P4-FileStreamApp.csproj", "{F9FBE51F-FC2A-405A-9136-EAF9853AEACC}"
EndProject
Global
	GlobalSection(SolutionConfigurationPlatforms) = preSolution
		Debug|Any CPU = Debug|Any CPU
		Release|Any CPU = Release|Any CPU
	EndGlobalSection
	GlobalSection(ProjectConfigurationPlatforms) = postSolution
		{F9FBE51F-FC2A-405A-9136-EAF9853AEACC}.Debug|Any CPU.ActiveCfg = Debug|Any CPU
		{F9FBE51F-FC2A-405A-9136-EAF9853AEACC}.Debug|Any CPU.Build.0 = Debug|Any CPU
		{F9FBE51F-FC2A-405A-9136-EAF9853AEACC}.Release|Any CPU.ActiveCfg = Release|Any CPU
		{F9FBE51F-FC2A-405A-9136-EAF9853AEACC}.Release|Any CPU.Build.0 = Release|Any CPU
	EndGlobalSection
	GlobalSection(SolutionProperties) = preSolution
		HideSolutionNode = FALSE
	EndGlobalSection
	GlobalSection(ExtensibilityGlobals) = postSolution
		SolutionGuid = {60FEF287-E467-4395-ABEE-AF40E1648118}
	EndGlobalSection
EndGlobal
